<?xml version="1.0" encoding="utf-8"?>
<Project ToolsVersion="4.0" xmlns="http://schemas.microsoft.com/developer/msbuild/2003">
  <ItemGroup>
    <Filter Include="Source">
      <UniqueIdentifier>{1e07cf89-0139-4de9-931a-c58357fead5e}</UniqueIdentifier>
    </Filter>
    <Filter Include="Source\DirectX">
      <UniqueIdentifier>{fb0ee873-fad1-4776-89a9-cff9b63ab717}</UniqueIdentifier>
    </Filter>
    <Filter Include="Source\Engine">
      <UniqueIdentifier>{f7155f88-3f01-476a-b507-8913b7d982ec}</UniqueIdentifier>
    </Filter>
    <Filter Include="Source\Engine\AssetManager">
      <UniqueIdentifier>{f91d25a4-9e71-4ee1-9d17-88b59fece177}</UniqueIdentifier>
    </Filter>
    <Filter Include="Source\Engine\Components">
      <UniqueIdentifier>{12a252f5-22a6-4bf0-82cd-ccee296402e8}</UniqueIdentifier>
    </Filter>
    <Filter Include="Source\Engine\GameFramework">
      <UniqueIdentifier>{0a9a35de-3e54-4321-96e5-d40679a98abd}</UniqueIdentifier>
    </Filter>
    <Filter Include="Source\Engine\Level">
      <UniqueIdentifier>{ae169ecf-c9a8-486b-8367-ee2bec81eb94}</UniqueIdentifier>
    </Filter>
    <Filter Include="Source\Engine\Mesh">
      <UniqueIdentifier>{a905da28-b83f-4630-8c2c-7be269f80323}</UniqueIdentifier>
    </Filter>
    <Filter Include="Source\Engine\UObject">
      <UniqueIdentifier>{2eb0b4ab-5ff9-44ee-b57a-004b5d9e1f21}</UniqueIdentifier>
    </Filter>
    <Filter Include="Source\Engine\World">
      <UniqueIdentifier>{b4ed6131-32fc-4784-aff3-130f70886de7}</UniqueIdentifier>
    </Filter>
    <Filter Include="Source\ThirdParty">
      <UniqueIdentifier>{459c0dd6-263e-4b5a-bff4-a769b54438ad}</UniqueIdentifier>
    </Filter>
    <Filter Include="Source\ThirdParty\Imgui">
      <UniqueIdentifier>{28deae59-ff98-45bf-a4d4-e558c0182609}</UniqueIdentifier>
    </Filter>
    <Filter Include="Source\ThirdParty\Imguizmo">
      <UniqueIdentifier>{631feac2-9533-48ce-b860-fbb9baf214c4}</UniqueIdentifier>
    </Filter>
    <Filter Include="Source\ThirdParty\nlohmannJson">
      <UniqueIdentifier>{a82b4cbd-9403-4934-b6eb-aace2120ec38}</UniqueIdentifier>
    </Filter>
    <Filter Include="Source\Engine\SceneProxy">
      <UniqueIdentifier>{8d2df0e1-360a-466c-9ee7-5e3d857f3aba}</UniqueIdentifier>
    </Filter>
    <Filter Include="Source\Engine\RenderCore">
      <UniqueIdentifier>{48af9780-744f-4378-b43c-77ac1b6a56a3}</UniqueIdentifier>
    </Filter>
    <Filter Include="Source\Engine\DirectX">
      <UniqueIdentifier>{49f77e73-e848-46eb-beb8-96e8b375953f}</UniqueIdentifier>
    </Filter>
    <Filter Include="Source\Engine\EditorClient">
      <UniqueIdentifier>{f6f44b7c-fd0f-4535-a5d0-cf312046df24}</UniqueIdentifier>
    </Filter>
    <Filter Include="Source\Engine\EditorClient\Panel">
      <UniqueIdentifier>{a0328231-c86d-44e8-8469-437e5405aacc}</UniqueIdentifier>
    </Filter>
    <Filter Include="Source\Engine\Animation">
      <UniqueIdentifier>{7d32f728-d22b-4929-85e5-dc16706e85aa}</UniqueIdentifier>
    </Filter>
    <Filter Include="Source\Engine\Core">
      <UniqueIdentifier>{819757b0-56dd-46f0-a0f3-a962a3f44c6e}</UniqueIdentifier>
    </Filter>
    <Filter Include="Source\Engine\Core\Async">
      <UniqueIdentifier>{2e1cd4f3-29c6-46db-a699-72b8b98a0ee7}</UniqueIdentifier>
    </Filter>
    <Filter Include="Source\Engine\Misc">
      <UniqueIdentifier>{d892d5f0-652a-4c98-954e-493c0468baa3}</UniqueIdentifier>
    </Filter>
    <Filter Include="Source\Engine\Animation\AnimNotifies">
      <UniqueIdentifier>{ff8b2077-8b22-4121-9496-c1c920279b2e}</UniqueIdentifier>
    </Filter>
    <Filter Include="Source\Engine\Class">
      <UniqueIdentifier>{0c4e9448-15c7-4e26-900d-6be8002edb9c}</UniqueIdentifier>
    </Filter>
    <Filter Include="Source\Engine\Class\Curve">
      <UniqueIdentifier>{077c6515-f26a-497c-8c2c-016c0156beb7}</UniqueIdentifier>
    </Filter>
    <Filter Include="Source\Engine\Material">
      <UniqueIdentifier>{3415f7d7-eaa3-400b-8619-a5dcea17efa9}</UniqueIdentifier>
    </Filter>
    <Filter Include="Source\Engine\Niagara">
      <UniqueIdentifier>{43cf8b61-2a3a-4ce4-927f-d211270b4b11}</UniqueIdentifier>
    </Filter>
    <Filter Include="Source\Engine\Physics">
      <UniqueIdentifier>{3fcd1143-3614-4881-aa0e-81f20d1f0696}</UniqueIdentifier>
    </Filter>
  </ItemGroup>
  <ItemGroup>
    <ClCompile Include="Source\DirectX\ShadowMap.cpp">
      <Filter>Source\DirectX</Filter>
    </ClCompile>
    <ClCompile Include="Source\DirectX\d3dApp.cpp">
      <Filter>Source\DirectX</Filter>
    </ClCompile>
    <ClCompile Include="Source\DirectX\DebuggingSRV.cpp">
      <Filter>Source\DirectX</Filter>
    </ClCompile>
    <ClCompile Include="Source\DirectX\GameTimer.cpp">
      <Filter>Source\DirectX</Filter>
    </ClCompile>
    <ClCompile Include="Source\Engine\UEngine.cpp">
      <Filter>Source\Engine</Filter>
    </ClCompile>
    <ClCompile Include="Source\Engine\MyEngineUtils.cpp">
      <Filter>Source\Engine</Filter>
    </ClCompile>
    <ClCompile Include="Source\Engine\UEditorEngine.cpp">
      <Filter>Source\Engine</Filter>
    </ClCompile>
    <ClCompile Include="Source\Engine\AssetManager\AssetManager.cpp">
      <Filter>Source\Engine\AssetManager</Filter>
    </ClCompile>
    <ClCompile Include="Source\Engine\World\UWorld.cpp">
      <Filter>Source\Engine\World</Filter>
    </ClCompile>
    <ClCompile Include="Source\Engine\UObject\UObject.cpp">
      <Filter>Source\Engine\UObject</Filter>
    </ClCompile>
    <ClCompile Include="Source\Engine\Mesh\UStaticMesh.cpp">
      <Filter>Source\Engine\Mesh</Filter>
    </ClCompile>
    <ClCompile Include="Source\Engine\Level\ULevel.cpp">
      <Filter>Source\Engine\Level</Filter>
    </ClCompile>
    <ClCompile Include="Source\Engine\GameFramework\AActor.cpp">
      <Filter>Source\Engine\GameFramework</Filter>
    </ClCompile>
    <ClCompile Include="Source\Engine\Components\UActorComponent.cpp">
      <Filter>Source\Engine\Components</Filter>
    </ClCompile>
    <ClCompile Include="Source\Engine\Components\USceneComponent.cpp">
      <Filter>Source\Engine\Components</Filter>
    </ClCompile>
    <ClCompile Include="Source\Engine\Components\UStaticMeshComponent.cpp">
      <Filter>Source\Engine\Components</Filter>
    </ClCompile>
    <ClCompile Include="Source\ThirdParty\ImGui\backends\imgui_impl_dx11.cpp">
      <Filter>Source\ThirdParty\Imgui</Filter>
    </ClCompile>
    <ClCompile Include="Source\ThirdParty\ImGui\backends\imgui_impl_win32.cpp">
      <Filter>Source\ThirdParty\Imgui</Filter>
    </ClCompile>
    <ClCompile Include="Source\ThirdParty\ImGui\imgui.cpp">
      <Filter>Source\ThirdParty\Imgui</Filter>
    </ClCompile>
    <ClCompile Include="Source\ThirdParty\ImGui\imgui_draw.cpp">
      <Filter>Source\ThirdParty\Imgui</Filter>
    </ClCompile>
    <ClCompile Include="Source\ThirdParty\ImGui\imgui_tables.cpp">
      <Filter>Source\ThirdParty\Imgui</Filter>
    </ClCompile>
    <ClCompile Include="Source\ThirdParty\ImGui\imgui_widgets.cpp">
      <Filter>Source\ThirdParty\Imgui</Filter>
    </ClCompile>
    <ClCompile Include="Source\ThirdParty\ImGuizmo\GraphEditor.cpp">
      <Filter>Source\ThirdParty\Imguizmo</Filter>
    </ClCompile>
    <ClCompile Include="Source\ThirdParty\ImGuizmo\ImCurveEdit.cpp">
      <Filter>Source\ThirdParty\Imguizmo</Filter>
    </ClCompile>
    <ClCompile Include="Source\ThirdParty\ImGuizmo\ImGradient.cpp">
      <Filter>Source\ThirdParty\Imguizmo</Filter>
    </ClCompile>
    <ClCompile Include="Source\ThirdParty\ImGuizmo\ImGuizmo.cpp">
      <Filter>Source\ThirdParty\Imguizmo</Filter>
    </ClCompile>
    <ClCompile Include="Source\ThirdParty\ImGuizmo\ImSequencer.cpp">
      <Filter>Source\ThirdParty\Imguizmo</Filter>
    </ClCompile>
    <ClCompile Include="Source\Engine\Components\UPrimitiveComponent.cpp">
      <Filter>Source\Engine\Components</Filter>
    </ClCompile>
    <ClCompile Include="Source\Engine\Components\UMeshComponent.cpp">
      <Filter>Source\Engine\Components</Filter>
    </ClCompile>
    <ClCompile Include="Source\Engine\SceneProxy\FPrimitiveSceneProxy.cpp">
      <Filter>Source\Engine\SceneProxy</Filter>
    </ClCompile>
    <ClCompile Include="Source\Engine\DirectX\Device.cpp">
      <Filter>Source\Engine\DirectX</Filter>
    </ClCompile>
    <ClCompile Include="Source\Engine\SceneProxy\FStaticMeshSceneProxy.cpp">
      <Filter>Source\Engine\SceneProxy</Filter>
    </ClCompile>
    <ClCompile Include="Source\Engine\RenderCore\ImGUIActionTask.cpp">
      <Filter>Source\Engine\RenderCore</Filter>
    </ClCompile>
    <ClCompile Include="Source\Engine\RenderCore\EditorScene.cpp">
      <Filter>Source\Engine\RenderCore</Filter>
    </ClCompile>
    <ClCompile Include="Source\Engine\SceneView.cpp">
      <Filter>Source\Engine</Filter>
    </ClCompile>
    <ClCompile Include="Source\Engine\EditorClient\Panel\ImguiPanel.cpp">
      <Filter>Source\Engine\EditorClient\Panel</Filter>
    </ClCompile>
    <ClCompile Include="Source\Engine\EditorClient\Panel\ImguiViewport.cpp">
      <Filter>Source\Engine\EditorClient\Panel</Filter>
    </ClCompile>
    <ClCompile Include="Source\Engine\EditorClient\Panel\EditorClient.cpp">
      <Filter>Source\Engine\EditorClient\Panel</Filter>
    </ClCompile>
    <ClCompile Include="Source\Engine\EditorClient\Panel\ImguiDebugConsole.cpp">
      <Filter>Source\Engine\EditorClient\Panel</Filter>
    </ClCompile>
    <ClCompile Include="Source\Engine\EditorClient\Panel\ImguiWorldOutliner.cpp">
      <Filter>Source\Engine\EditorClient\Panel</Filter>
    </ClCompile>
    <ClCompile Include="Source\Engine\EditorClient\Panel\ImguiActorDetail.cpp">
      <Filter>Source\Engine\EditorClient\Panel</Filter>
    </ClCompile>
    <ClCompile Include="Source\Engine\Mesh\USkeletalMesh.cpp">
      <Filter>Source\Engine\Mesh</Filter>
    </ClCompile>
    <ClCompile Include="Source\Engine\Mesh\USkinnedAsset.cpp">
      <Filter>Source\Engine\Mesh</Filter>
    </ClCompile>
    <ClCompile Include="Source\Engine\SceneProxy\FSkeletalMeshSceneProxy.cpp">
      <Filter>Source\Engine\SceneProxy</Filter>
    </ClCompile>
    <ClCompile Include="Source\Engine\Components\USkeletalMeshComponent.cpp">
      <Filter>Source\Engine\Components</Filter>
    </ClCompile>
    <ClCompile Include="Source\Engine\Components\USkinnedMeshComponent.cpp">
      <Filter>Source\Engine\Components</Filter>
    </ClCompile>
    <ClCompile Include="Source\Engine\EditorClient\Panel\ImguiEditorMainPanel.cpp">
      <Filter>Source\Engine\EditorClient\Panel</Filter>
    </ClCompile>
    <ClCompile Include="Source\Engine\Animation\UAnimationAsset.cpp">
      <Filter>Source\Engine\Animation</Filter>
    </ClCompile>
    <ClCompile Include="Source\Engine\Animation\UBlendSpace.cpp">
      <Filter>Source\Engine\Animation</Filter>
    </ClCompile>
    <ClCompile Include="Source\Engine\Animation\UAnimSequenceBase.cpp">
      <Filter>Source\Engine\Animation</Filter>
    </ClCompile>
    <ClCompile Include="Source\Engine\Animation\UAnimCompositeBase.cpp">
      <Filter>Source\Engine\Animation</Filter>
    </ClCompile>
    <ClCompile Include="Source\Engine\Animation\UAnimSequence.cpp">
      <Filter>Source\Engine\Animation</Filter>
    </ClCompile>
    <ClCompile Include="Source\Engine\Animation\UAnimInstance.cpp">
      <Filter>Source\Engine\Animation</Filter>
    </ClCompile>
    <ClCompile Include="Source\Engine\Animation\Bone.cpp">
      <Filter>Source\Engine\Animation</Filter>
    </ClCompile>
    <ClCompile Include="Source\CoreMinimal.cpp">
      <Filter>Source</Filter>
    </ClCompile>
    <ClCompile Include="Source\Engine\Core\Async\ThreadPool.cpp">
      <Filter>Source\Engine\Core\Async</Filter>
    </ClCompile>
    <ClCompile Include="Source\Engine\Misc\QueuedThreadPool.cpp">
      <Filter>Source\Engine\Misc</Filter>
    </ClCompile>
    <ClCompile Include="Source\Engine\Animation\UAimOffsetBlendSpace.cpp">
      <Filter>Source\Engine\Animation</Filter>
    </ClCompile>
    <ClCompile Include="Source\Engine\Animation\AnimTypes.cpp">
      <Filter>Source\Engine\Animation</Filter>
    </ClCompile>
    <ClCompile Include="Source\Engine\Animation\AnimNotifies\AnimNotify.cpp">
      <Filter>Source\Engine\Animation\AnimNotifies</Filter>
    </ClCompile>
    <ClCompile Include="Source\Engine\FAudioDevice.cpp">
      <Filter>Source\Engine</Filter>
    </ClCompile>
    <ClCompile Include="Source\Engine\Components\UAnimMontage.cpp">
      <Filter>Source\Engine\Animation</Filter>
    </ClCompile>
    <ClCompile Include="Source\Engine\Class\Curve\UCurveBase.cpp">
      <Filter>Source\Engine\Class\Curve</Filter>
    </ClCompile>
    <ClCompile Include="Source\Engine\Material\UMaterial.cpp">
      <Filter>Source\Engine\Material</Filter>
    </ClCompile>
    <ClCompile Include="Source\Engine\Class\UTexture.cpp">
      <Filter>Source\Engine\Class</Filter>
    </ClCompile>
    <ClCompile Include="Source\Engine\Components\UNiagaraComponent.cpp">
      <Filter>Source\Engine\Components</Filter>
    </ClCompile>
    <ClCompile Include="Source\Engine\SceneProxy\FNiagaraSceneProxy.cpp">
      <Filter>Source\Engine\SceneProxy</Filter>
    </ClCompile>
    <ClCompile Include="Source\Engine\Niagara\UNiagaraSystem.cpp">
      <Filter>Source\Engine\Niagara</Filter>
    </ClCompile>
    <ClCompile Include="Source\Engine\Niagara\FNiagaraEmitter.cpp">
      <Filter>Source\Engine\Niagara</Filter>
    </ClCompile>
    <ClCompile Include="Source\Engine\RenderCore\RenderingThread.cpp">
      <Filter>Source\Engine\World</Filter>
    </ClCompile>
    <ClCompile Include="Source\ThirdParty\ImGui\imgui_demo.cpp">
      <Filter>Source\ThirdParty\Imgui</Filter>
    </ClCompile>
    <ClCompile Include="Source\Engine\Physics\UPhysicsEngine.cpp">
      <Filter>Source\Engine\Physics</Filter>
    </ClCompile>
  </ItemGroup>
  <ItemGroup>
    <ClInclude Include="Source\DirectX\ShadowMap.h">
      <Filter>Source\DirectX</Filter>
    </ClInclude>
    <ClInclude Include="Source\DirectX\d3dApp.h">
      <Filter>Source\DirectX</Filter>
    </ClInclude>
    <ClInclude Include="Source\DirectX\d3dUtil.h">
      <Filter>Source\DirectX</Filter>
    </ClInclude>
    <ClInclude Include="Source\DirectX\DebuggingSRV.h">
      <Filter>Source\DirectX</Filter>
    </ClInclude>
    <ClInclude Include="Source\DirectX\GameTimer.h">
      <Filter>Source\DirectX</Filter>
    </ClInclude>
    <ClInclude Include="Source\DirectX\LightHelper.h">
      <Filter>Source\DirectX</Filter>
    </ClInclude>
    <ClInclude Include="Source\Engine\UEngine.h">
      <Filter>Source\Engine</Filter>
    </ClInclude>
    <ClInclude Include="Source\Engine\MyEngineUtils.h">
      <Filter>Source\Engine</Filter>
    </ClInclude>
    <ClInclude Include="Source\Engine\UEditorEngine.h">
      <Filter>Source\Engine</Filter>
    </ClInclude>
    <ClInclude Include="Source\Engine\AssetManager\AssetManager.h">
      <Filter>Source\Engine\AssetManager</Filter>
    </ClInclude>
    <ClInclude Include="Source\Engine\World\UWorld.h">
      <Filter>Source\Engine\World</Filter>
    </ClInclude>
    <ClInclude Include="Source\Engine\UObject\UObject.h">
      <Filter>Source\Engine\UObject</Filter>
    </ClInclude>
    <ClInclude Include="Source\Engine\Mesh\StaticMeshResources.h">
      <Filter>Source\Engine\Mesh</Filter>
    </ClInclude>
    <ClInclude Include="Source\Engine\Mesh\UStaticMesh.h">
      <Filter>Source\Engine\Mesh</Filter>
    </ClInclude>
    <ClInclude Include="Source\Engine\Level\ULevel.h">
      <Filter>Source\Engine\Level</Filter>
    </ClInclude>
    <ClInclude Include="Source\Engine\GameFramework\AActor.h">
      <Filter>Source\Engine\GameFramework</Filter>
    </ClInclude>
    <ClInclude Include="Source\Engine\Components\UActorComponent.h">
      <Filter>Source\Engine\Components</Filter>
    </ClInclude>
    <ClInclude Include="Source\Engine\Components\USceneComponent.h">
      <Filter>Source\Engine\Components</Filter>
    </ClInclude>
    <ClInclude Include="Source\Engine\Components\UStaticMeshComponent.h">
      <Filter>Source\Engine\Components</Filter>
    </ClInclude>
    <ClInclude Include="Source\ThirdParty\ImGui\backends\imgui_impl_dx11.h">
      <Filter>Source\ThirdParty\Imgui</Filter>
    </ClInclude>
    <ClInclude Include="Source\ThirdParty\ImGui\backends\imgui_impl_win32.h">
      <Filter>Source\ThirdParty\Imgui</Filter>
    </ClInclude>
    <ClInclude Include="Source\ThirdParty\ImGui\imconfig.h">
      <Filter>Source\ThirdParty\Imgui</Filter>
    </ClInclude>
    <ClInclude Include="Source\ThirdParty\ImGui\imgui.h">
      <Filter>Source\ThirdParty\Imgui</Filter>
    </ClInclude>
    <ClInclude Include="Source\ThirdParty\ImGui\imgui_internal.h">
      <Filter>Source\ThirdParty\Imgui</Filter>
    </ClInclude>
    <ClInclude Include="Source\ThirdParty\ImGui\imstb_rectpack.h">
      <Filter>Source\ThirdParty\Imgui</Filter>
    </ClInclude>
    <ClInclude Include="Source\ThirdParty\ImGui\imstb_textedit.h">
      <Filter>Source\ThirdParty\Imgui</Filter>
    </ClInclude>
    <ClInclude Include="Source\ThirdParty\ImGui\imstb_truetype.h">
      <Filter>Source\ThirdParty\Imgui</Filter>
    </ClInclude>
    <ClInclude Include="Source\ThirdParty\ImGuizmo\GraphEditor.h">
      <Filter>Source\ThirdParty\Imguizmo</Filter>
    </ClInclude>
    <ClInclude Include="Source\ThirdParty\ImGuizmo\ImCurveEdit.h">
      <Filter>Source\ThirdParty\Imguizmo</Filter>
    </ClInclude>
    <ClInclude Include="Source\ThirdParty\ImGuizmo\ImGradient.h">
      <Filter>Source\ThirdParty\Imguizmo</Filter>
    </ClInclude>
    <ClInclude Include="Source\ThirdParty\ImGuizmo\ImGuizmo.h">
      <Filter>Source\ThirdParty\Imguizmo</Filter>
    </ClInclude>
    <ClInclude Include="Source\ThirdParty\ImGuizmo\ImSequencer.h">
      <Filter>Source\ThirdParty\Imguizmo</Filter>
    </ClInclude>
    <ClInclude Include="Source\ThirdParty\ImGuizmo\ImZoomSlider.h">
      <Filter>Source\ThirdParty\Imguizmo</Filter>
    </ClInclude>
    <ClInclude Include="Source\ThirdParty\nlohmannJson\nlohmann\json.hpp">
      <Filter>Source\ThirdParty\nlohmannJson</Filter>
    </ClInclude>
    <ClInclude Include="Source\Engine\Components\UPrimitiveComponent.h">
      <Filter>Source\Engine\Components</Filter>
    </ClInclude>
    <ClInclude Include="Source\Engine\Components\UMeshComponent.h">
      <Filter>Source\Engine\Components</Filter>
    </ClInclude>
    <ClInclude Include="Source\Engine\SceneProxy\FPrimitiveSceneProxy.h">
      <Filter>Source\Engine\SceneProxy</Filter>
    </ClInclude>
    <ClInclude Include="Source\Engine\RenderCore\RenderingThread.h">
      <Filter>Source\Engine\RenderCore</Filter>
    </ClInclude>
    <ClInclude Include="Source\Engine\DirectX\Device.h">
      <Filter>Source\Engine\DirectX</Filter>
    </ClInclude>
    <ClInclude Include="Source\Engine\SceneProxy\FStaticMeshSceneProxy.h">
      <Filter>Source\Engine\SceneProxy</Filter>
    </ClInclude>
    <ClInclude Include="Source\Engine\RenderCore\ImGUIActionTask.h">
      <Filter>Source\Engine\RenderCore</Filter>
    </ClInclude>
    <ClInclude Include="Source\Engine\RenderCore\EditorScene.h">
      <Filter>Source\Engine\RenderCore</Filter>
    </ClInclude>
    <ClInclude Include="Source\Engine\SceneView.h">
      <Filter>Source\Engine</Filter>
    </ClInclude>
    <ClInclude Include="Source\Engine\EditorClient\Panel\ImguiPanel.h">
      <Filter>Source\Engine\EditorClient\Panel</Filter>
    </ClInclude>
    <ClInclude Include="Source\Engine\EditorClient\Panel\ImguiViewport.h">
      <Filter>Source\Engine\EditorClient\Panel</Filter>
    </ClInclude>
    <ClInclude Include="Source\Engine\EditorClient\Panel\EditorClient.h">
      <Filter>Source\Engine\EditorClient\Panel</Filter>
    </ClInclude>
    <ClInclude Include="Source\Engine\EditorClient\Panel\ImguiDebugConsole.h">
      <Filter>Source\Engine\EditorClient\Panel</Filter>
    </ClInclude>
    <ClInclude Include="Source\Engine\EditorClient\Panel\ImguiWorldOutliner.h">
      <Filter>Source\Engine\EditorClient\Panel</Filter>
    </ClInclude>
    <ClInclude Include="Source\Engine\EditorClient\Panel\ImguiActorDetail.h">
      <Filter>Source\Engine\EditorClient\Panel</Filter>
    </ClInclude>
    <ClInclude Include="Source\Engine\Mesh\USkeletalMesh.h">
      <Filter>Source\Engine\Mesh</Filter>
    </ClInclude>
    <ClInclude Include="Source\Engine\Mesh\USkinnedAsset.h">
      <Filter>Source\Engine\Mesh</Filter>
    </ClInclude>
    <ClInclude Include="Source\Engine\SceneProxy\FSkeletalMeshSceneProxy.h">
      <Filter>Source\Engine\SceneProxy</Filter>
    </ClInclude>
    <ClInclude Include="Source\Engine\Components\USkeletalMeshComponent.h">
      <Filter>Source\Engine\Components</Filter>
    </ClInclude>
    <ClInclude Include="Source\Engine\Components\USkinnedMeshComponent.h">
      <Filter>Source\Engine\Components</Filter>
    </ClInclude>
    <ClInclude Include="Source\Engine\EditorClient\Panel\ImguiEditorMainPanel.h">
      <Filter>Source\Engine\EditorClient\Panel</Filter>
    </ClInclude>
    <ClInclude Include="Source\Engine\Animation\UAnimationAsset.h">
      <Filter>Source\Engine\Animation</Filter>
    </ClInclude>
    <ClInclude Include="Source\Engine\Animation\UBlendSpace.h">
      <Filter>Source\Engine\Animation</Filter>
    </ClInclude>
    <ClInclude Include="Source\Engine\Animation\UAnimSequenceBase.h">
      <Filter>Source\Engine\Animation</Filter>
    </ClInclude>
    <ClInclude Include="Source\Engine\Animation\UAnimCompositeBase.h">
      <Filter>Source\Engine\Animation</Filter>
    </ClInclude>
    <ClInclude Include="Source\Engine\Animation\UAnimSequence.h">
      <Filter>Source\Engine\Animation</Filter>
    </ClInclude>
    <ClInclude Include="Source\Engine\Animation\UAnimInstance.h">
      <Filter>Source\Engine\Animation</Filter>
    </ClInclude>
    <ClInclude Include="Source\Engine\Animation\Bone.h">
      <Filter>Source\Engine\Animation</Filter>
    </ClInclude>
    <ClInclude Include="Source\CoreMinimal.h">
      <Filter>Source</Filter>
    </ClInclude>
    <ClInclude Include="Source\Engine\Core\Async\ThreadPool.h">
      <Filter>Source\Engine\Core\Async</Filter>
    </ClInclude>
    <ClInclude Include="Source\Engine\Misc\QueuedThreadPool.h">
      <Filter>Source\Engine\Misc</Filter>
    </ClInclude>
    <ClInclude Include="Source\Engine\Animation\UAimOffsetBlendSpace.h">
      <Filter>Source\Engine\Animation</Filter>
    </ClInclude>
    <ClInclude Include="Source\Engine\Animation\AnimTypes.h">
      <Filter>Source\Engine\Animation</Filter>
    </ClInclude>
    <ClInclude Include="Source\Engine\Animation\AnimNotifies\AnimNotify.h">
      <Filter>Source\Engine\Animation\AnimNotifies</Filter>
    </ClInclude>
    <ClInclude Include="Source\Engine\FAudioDevice.h">
      <Filter>Source\Engine</Filter>
    </ClInclude>
    <ClInclude Include="Source\Engine\Components\UAnimMontage.h">
      <Filter>Source\Engine\Animation</Filter>
    </ClInclude>
    <ClInclude Include="Source\Engine\Class\Curve\UCurveBase.h">
      <Filter>Source\Engine\Class\Curve</Filter>
    </ClInclude>
    <ClInclude Include="Source\Engine\Material\UMaterial.h">
      <Filter>Source\Engine\Material</Filter>
    </ClInclude>
    <ClInclude Include="Source\Engine\Class\UTexture.h">
      <Filter>Source\Engine\Class</Filter>
    </ClInclude>
    <ClInclude Include="Source\Engine\Components\UNiagaraComponent.h">
      <Filter>Source\Engine\Components</Filter>
    </ClInclude>
    <ClInclude Include="Source\Engine\SceneProxy\FNiagaraSceneProxy.h">
      <Filter>Source\Engine\SceneProxy</Filter>
    </ClInclude>
    <ClInclude Include="Source\Engine\Niagara\UNiagaraSystem.h">
      <Filter>Source\Engine\Niagara</Filter>
    </ClInclude>
    <ClInclude Include="Source\Engine\Niagara\FNiagaraEmitter.h">
      <Filter>Source\Engine\Niagara</Filter>
    </ClInclude>
    <ClInclude Include="Source\Engine\Physics\UPhysicsEngine.h">
      <Filter>Source\Engine\Physics</Filter>
    </ClInclude>
  </ItemGroup>
</Project>