<?xml version="1.0" encoding="utf-8"?>
<Project ToolsVersion="4.0" xmlns="http://schemas.microsoft.com/developer/msbuild/2003">
  <ItemGroup>
    <Filter Include="Source Files">
      <UniqueIdentifier>{4FC737F1-C7A5-4376-A066-2A32D752A2FF}</UniqueIdentifier>
      <Extensions>cpp;c;cc;cxx;c++;cppm;ixx;def;odl;idl;hpj;bat;asm;asmx</Extensions>
    </Filter>
    <Filter Include="Core">
      <UniqueIdentifier>{46a1bf8e-e8f4-4eee-9f31-1df2b8d6afeb}</UniqueIdentifier>
    </Filter>
    <Filter Include="ThirdParty">
      <UniqueIdentifier>{51ae2a3f-baa2-48ed-b01c-8b236bf78584}</UniqueIdentifier>
    </Filter>
    <Filter Include="ThirdParty\ImGui">
      <UniqueIdentifier>{55dc9a46-9088-4d77-88e1-ebaa29cb9310}</UniqueIdentifier>
    </Filter>
    <Filter Include="ThirdParty\ImGui\backends">
      <UniqueIdentifier>{67090c8c-3c49-40a4-95b1-d58b866d01f5}</UniqueIdentifier>
    </Filter>
    <Filter Include="Shader">
      <UniqueIdentifier>{3c7db095-f128-4639-83bb-a2dbd9b1f6a4}</UniqueIdentifier>
    </Filter>
    <Filter Include="ThirdParty\ImGuizmo">
      <UniqueIdentifier>{3b2d84f8-0543-4ccc-bf93-cd81fb5ba98c}</UniqueIdentifier>
    </Filter>
  </ItemGroup>
  <ItemGroup>
    <ClCompile Include="Lighting.cpp">
      <Filter>Source Files</Filter>
    </ClCompile>
    <ClCompile Include="..\..\Core\AssetManager.cpp">
      <Filter>Core</Filter>
    </ClCompile>
    <ClCompile Include="..\..\Core\d3dApp.cpp">
      <Filter>Core</Filter>
    </ClCompile>
    <ClCompile Include="..\..\Core\GameTimer.cpp">
      <Filter>Core</Filter>
    </ClCompile>
    <ClCompile Include="..\..\ThirdParty\ImGui\imgui.cpp">
      <Filter>ThirdParty\ImGui</Filter>
    </ClCompile>
    <ClCompile Include="..\..\ThirdParty\ImGui\imgui_draw.cpp">
      <Filter>ThirdParty\ImGui</Filter>
    </ClCompile>
    <ClCompile Include="..\..\ThirdParty\ImGui\imgui_tables.cpp">
      <Filter>ThirdParty\ImGui</Filter>
    </ClCompile>
    <ClCompile Include="..\..\ThirdParty\ImGui\imgui_widgets.cpp">
      <Filter>ThirdParty\ImGui</Filter>
    </ClCompile>
    <ClCompile Include="..\..\ThirdParty\ImGui\backends\imgui_impl_dx11.cpp">
      <Filter>ThirdParty\ImGui\backends</Filter>
    </ClCompile>
    <ClCompile Include="..\..\ThirdParty\ImGui\backends\imgui_impl_win32.cpp">
      <Filter>ThirdParty\ImGui\backends</Filter>
    </ClCompile>
    <ClCompile Include="..\..\ThirdParty\ImGuizmo\ImGuizmo.cpp">
      <Filter>ThirdParty\ImGuizmo</Filter>
    </ClCompile>
    <ClCompile Include="..\..\ThirdParty\ImGuizmo\ImSequencer.cpp">
      <Filter>ThirdParty\ImGuizmo</Filter>
    </ClCompile>
    <ClCompile Include="..\..\ThirdParty\ImGuizmo\GraphEditor.cpp">
      <Filter>ThirdParty\ImGuizmo</Filter>
    </ClCompile>
    <ClCompile Include="..\..\ThirdParty\ImGuizmo\ImCurveEdit.cpp">
      <Filter>ThirdParty\ImGuizmo</Filter>
    </ClCompile>
    <ClCompile Include="..\..\ThirdParty\ImGuizmo\ImGradient.cpp">
      <Filter>ThirdParty\ImGuizmo</Filter>
    </ClCompile>
  </ItemGroup>
  <ItemGroup>
    <ClInclude Include="..\..\Core\AssetManager.h">
      <Filter>Core</Filter>
    </ClInclude>
    <ClInclude Include="..\..\Core\d3dApp.h">
      <Filter>Core</Filter>
    </ClInclude>
    <ClInclude Include="..\..\Core\d3dUtil.h">
      <Filter>Core</Filter>
    </ClInclude>
    <ClInclude Include="..\..\Core\GameTimer.h">
      <Filter>Core</Filter>
    </ClInclude>
    <ClInclude Include="..\..\ThirdParty\ImGui\imconfig.h">
      <Filter>ThirdParty\ImGui</Filter>
    </ClInclude>
    <ClInclude Include="..\..\ThirdParty\ImGui\imgui.h">
      <Filter>ThirdParty\ImGui</Filter>
    </ClInclude>
    <ClInclude Include="..\..\ThirdParty\ImGui\imgui_internal.h">
      <Filter>ThirdParty\ImGui</Filter>
    </ClInclude>
    <ClInclude Include="..\..\ThirdParty\ImGui\imstb_rectpack.h">
      <Filter>ThirdParty\ImGui</Filter>
    </ClInclude>
    <ClInclude Include="..\..\ThirdParty\ImGui\imstb_textedit.h">
      <Filter>ThirdParty\ImGui</Filter>
    </ClInclude>
    <ClInclude Include="..\..\ThirdParty\ImGui\imstb_truetype.h">
      <Filter>ThirdParty\ImGui</Filter>
    </ClInclude>
    <ClInclude Include="..\..\ThirdParty\ImGui\backends\imgui_impl_dx11.h">
      <Filter>ThirdParty\ImGui\backends</Filter>
    </ClInclude>
    <ClInclude Include="..\..\ThirdParty\ImGui\backends\imgui_impl_win32.h">
      <Filter>ThirdParty\ImGui\backends</Filter>
    </ClInclude>
    <ClInclude Include="..\..\Core\LightHelper.h">
      <Filter>Core</Filter>
    </ClInclude>
    <ClInclude Include="..\..\ThirdParty\ImGuizmo\ImGuizmo.h">
      <Filter>ThirdParty\ImGuizmo</Filter>
    </ClInclude>
    <ClInclude Include="..\..\ThirdParty\ImGuizmo\ImSequencer.h">
      <Filter>ThirdParty\ImGuizmo</Filter>
    </ClInclude>
    <ClInclude Include="..\..\ThirdParty\ImGuizmo\ImZoomSlider.h">
      <Filter>ThirdParty\ImGuizmo</Filter>
    </ClInclude>
    <ClInclude Include="..\..\ThirdParty\ImGuizmo\GraphEditor.h">
      <Filter>ThirdParty\ImGuizmo</Filter>
    </ClInclude>
    <ClInclude Include="..\..\ThirdParty\ImGuizmo\ImCurveEdit.h">
      <Filter>ThirdParty\ImGuizmo</Filter>
    </ClInclude>
    <ClInclude Include="..\..\ThirdParty\ImGuizmo\ImGradient.h">
      <Filter>ThirdParty\ImGuizmo</Filter>
    </ClInclude>
  </ItemGroup>
  <ItemGroup>
    <None Include="Shader\LightHelper.hlsl">
      <Filter>Shader</Filter>
    </None>
    <None Include="Shader\LightColor.hlsl">
      <Filter>Shader</Filter>
    </None>
  </ItemGroup>
</Project>