<?xml version="1.0" encoding="utf-8"?>
<Project ToolsVersion="4.0" xmlns="http://schemas.microsoft.com/developer/msbuild/2003">
  <ItemGroup>
    <Filter Include="소스 파일">
      <UniqueIdentifier>{4FC737F1-C7A5-4376-A066-2A32D752A2FF}</UniqueIdentifier>
      <Extensions>cpp;c;cc;cxx;c++;cppm;ixx;def;odl;idl;hpj;bat;asm;asmx</Extensions>
    </Filter>
    <Filter Include="ThirdParty">
      <UniqueIdentifier>{b50d1df0-23d8-4c25-aa24-2cc45801c0d0}</UniqueIdentifier>
    </Filter>
    <Filter Include="ThirdParty\ImGui">
      <UniqueIdentifier>{dd229546-b55d-4735-96fa-dce202722743}</UniqueIdentifier>
    </Filter>
    <Filter Include="ThirdParty\ImGui\backends">
      <UniqueIdentifier>{e6bce4be-71ce-4e70-a84a-f46de1f76134}</UniqueIdentifier>
    </Filter>
    <Filter Include="ThirdParty\ImGuizmo">
      <UniqueIdentifier>{4ca53abf-fccb-409f-97b9-d45520aef611}</UniqueIdentifier>
    </Filter>
    <Filter Include="Core">
      <UniqueIdentifier>{8f646ba8-126f-4c05-ae12-dd2eb88deda1}</UniqueIdentifier>
    </Filter>
  </ItemGroup>
  <ItemGroup>
    <ClCompile Include="Shadow.cpp">
      <Filter>소스 파일</Filter>
    </ClCompile>
    <ClCompile Include="..\..\ThirdParty\ImGui\imgui.cpp">
      <Filter>ThirdParty\ImGui</Filter>
    </ClCompile>
    <ClCompile Include="..\..\ThirdParty\ImGui\imgui_draw.cpp">
      <Filter>ThirdParty\ImGui</Filter>
    </ClCompile>
    <ClCompile Include="..\..\ThirdParty\ImGui\imgui_tables.cpp">
      <Filter>ThirdParty\ImGui</Filter>
    </ClCompile>
    <ClCompile Include="..\..\ThirdParty\ImGui\imgui_widgets.cpp">
      <Filter>ThirdParty\ImGui</Filter>
    </ClCompile>
    <ClCompile Include="..\..\ThirdParty\ImGui\backends\imgui_impl_dx11.cpp">
      <Filter>ThirdParty\ImGui\backends</Filter>
    </ClCompile>
    <ClCompile Include="..\..\ThirdParty\ImGui\backends\imgui_impl_win32.cpp">
      <Filter>ThirdParty\ImGui\backends</Filter>
    </ClCompile>
    <ClCompile Include="..\..\ThirdParty\ImGuizmo\GraphEditor.cpp">
      <Filter>ThirdParty\ImGuizmo</Filter>
    </ClCompile>
    <ClCompile Include="..\..\ThirdParty\ImGuizmo\ImCurveEdit.cpp">
      <Filter>ThirdParty\ImGuizmo</Filter>
    </ClCompile>
    <ClCompile Include="..\..\ThirdParty\ImGuizmo\ImGradient.cpp">
      <Filter>ThirdParty\ImGuizmo</Filter>
    </ClCompile>
    <ClCompile Include="..\..\ThirdParty\ImGuizmo\ImGuizmo.cpp">
      <Filter>ThirdParty\ImGuizmo</Filter>
    </ClCompile>
    <ClCompile Include="..\..\ThirdParty\ImGuizmo\ImSequencer.cpp">
      <Filter>ThirdParty\ImGuizmo</Filter>
    </ClCompile>
    <ClCompile Include="..\..\Core\AssetManager.cpp">
      <Filter>Core</Filter>
    </ClCompile>
    <ClCompile Include="..\..\Core\d3dApp.cpp">
      <Filter>Core</Filter>
    </ClCompile>
    <ClCompile Include="..\..\Core\DebuggingSRV.cpp">
      <Filter>Core</Filter>
    </ClCompile>
    <ClCompile Include="..\..\Core\GameTimer.cpp">
      <Filter>Core</Filter>
    </ClCompile>
    <ClCompile Include="..\..\Core\ShadowMap.cpp">
      <Filter>Core</Filter>
    </ClCompile>
  </ItemGroup>
  <ItemGroup>
    <ClInclude Include="..\..\ThirdParty\ImGui\imconfig.h">
      <Filter>ThirdParty\ImGui</Filter>
    </ClInclude>
    <ClInclude Include="..\..\ThirdParty\ImGui\imgui.h">
      <Filter>ThirdParty\ImGui</Filter>
    </ClInclude>
    <ClInclude Include="..\..\ThirdParty\ImGui\imgui_internal.h">
      <Filter>ThirdParty\ImGui</Filter>
    </ClInclude>
    <ClInclude Include="..\..\ThirdParty\ImGui\imstb_rectpack.h">
      <Filter>ThirdParty\ImGui</Filter>
    </ClInclude>
    <ClInclude Include="..\..\ThirdParty\ImGui\imstb_textedit.h">
      <Filter>ThirdParty\ImGui</Filter>
    </ClInclude>
    <ClInclude Include="..\..\ThirdParty\ImGui\imstb_truetype.h">
      <Filter>ThirdParty\ImGui</Filter>
    </ClInclude>
    <ClInclude Include="..\..\ThirdParty\ImGui\backends\imgui_impl_dx11.h">
      <Filter>ThirdParty\ImGui\backends</Filter>
    </ClInclude>
    <ClInclude Include="..\..\ThirdParty\ImGui\backends\imgui_impl_win32.h">
      <Filter>ThirdParty\ImGui\backends</Filter>
    </ClInclude>
    <ClInclude Include="..\..\ThirdParty\ImGuizmo\GraphEditor.h">
      <Filter>ThirdParty\ImGuizmo</Filter>
    </ClInclude>
    <ClInclude Include="..\..\ThirdParty\ImGuizmo\ImCurveEdit.h">
      <Filter>ThirdParty\ImGuizmo</Filter>
    </ClInclude>
    <ClInclude Include="..\..\ThirdParty\ImGuizmo\ImGradient.h">
      <Filter>ThirdParty\ImGuizmo</Filter>
    </ClInclude>
    <ClInclude Include="..\..\ThirdParty\ImGuizmo\ImGuizmo.h">
      <Filter>ThirdParty\ImGuizmo</Filter>
    </ClInclude>
    <ClInclude Include="..\..\ThirdParty\ImGuizmo\ImSequencer.h">
      <Filter>ThirdParty\ImGuizmo</Filter>
    </ClInclude>
    <ClInclude Include="..\..\ThirdParty\ImGuizmo\ImZoomSlider.h">
      <Filter>ThirdParty\ImGuizmo</Filter>
    </ClInclude>
    <ClInclude Include="..\..\Core\AssetManager.h">
      <Filter>Core</Filter>
    </ClInclude>
    <ClInclude Include="..\..\Core\d3dApp.h">
      <Filter>Core</Filter>
    </ClInclude>
    <ClInclude Include="..\..\Core\d3dUtil.h">
      <Filter>Core</Filter>
    </ClInclude>
    <ClInclude Include="..\..\Core\DebuggingSRV.h">
      <Filter>Core</Filter>
    </ClInclude>
    <ClInclude Include="..\..\Core\GameTimer.h">
      <Filter>Core</Filter>
    </ClInclude>
    <ClInclude Include="..\..\Core\LightHelper.h">
      <Filter>Core</Filter>
    </ClInclude>
    <ClInclude Include="..\..\Core\ShadowMap.h">
      <Filter>Core</Filter>
    </ClInclude>
  </ItemGroup>
</Project>