<?xml version="1.0" encoding="utf-8"?>
<Project ToolsVersion="4.0" xmlns="http://schemas.microsoft.com/developer/msbuild/2003">
  <ItemGroup>
    <Filter Include="Source">
      <UniqueIdentifier>{4FC737F1-C7A5-4376-A066-2A32D752A2FF}</UniqueIdentifier>
      <Extensions>cpp;c;cc;cxx;c++;cppm;ixx;def;odl;idl;hpj;bat;asm;asmx</Extensions>
    </Filter>
    <Filter Include="Source\MyGame">
      <UniqueIdentifier>{9ced589e-f28d-4b16-9e9e-d3a09ecdfb0d}</UniqueIdentifier>
    </Filter>
    <Filter Include="Source\MyGame\Actor">
      <UniqueIdentifier>{4970eb9a-d277-45d7-a220-380f42267a2d}</UniqueIdentifier>
    </Filter>
    <Filter Include="Source\MyGame\AnimInstance">
      <UniqueIdentifier>{af8862c9-b46f-448e-9e8d-4bec809f8046}</UniqueIdentifier>
    </Filter>
    <Filter Include="Source\MyGame\Component">
      <UniqueIdentifier>{3e8daa15-35b2-46a9-9f85-96ae9e4a110c}</UniqueIdentifier>
    </Filter>
    <Filter Include="Source\MyGame\Widget">
      <UniqueIdentifier>{880a53e3-e44f-4f73-bd4f-89cd464df370}</UniqueIdentifier>
    </Filter>
    <Filter Include="Source\MyGame\Character">
      <UniqueIdentifier>{82218869-dafc-48fe-b743-8f3c753a4583}</UniqueIdentifier>
    </Filter>
    <Filter Include="Source\MyGame\Component\Combat">
      <UniqueIdentifier>{aba56a54-d5ca-4233-a73f-9cf97aca55af}</UniqueIdentifier>
    </Filter>
    <Filter Include="Source\MyGame\Component\Combat\Melee">
      <UniqueIdentifier>{07c0ca08-8ecb-4bab-acff-a2d9daa49b28}</UniqueIdentifier>
    </Filter>
    <Filter Include="Source\MyGame\Interface">
      <UniqueIdentifier>{08254a3b-ad5f-4ced-a63c-4dcf2692b108}</UniqueIdentifier>
    </Filter>
    <Filter Include="Source\MyGame\Interface\Dodge">
      <UniqueIdentifier>{08dfefcb-e226-48be-a47f-2bcefe178efd}</UniqueIdentifier>
    </Filter>
    <Filter Include="Source\MyGame\AnimInstance\Sanhwa">
      <UniqueIdentifier>{a10db656-f3c5-4860-ae8f-f96602f221cf}</UniqueIdentifier>
    </Filter>
    <Filter Include="Source\MyGame\Component\Combat\Skill">
      <UniqueIdentifier>{b11c2279-527e-4e17-8df5-8bcbc6f8f487}</UniqueIdentifier>
    </Filter>
    <Filter Include="Source\MyGame\Component\Combat\Skill\NormalSkill">
      <UniqueIdentifier>{2149b7d8-d9d4-4c00-a193-4176c0613812}</UniqueIdentifier>
    </Filter>
    <Filter Include="Source\MyGame\Component\Combat\Skill\Ultimate">
      <UniqueIdentifier>{ca925fbe-3cbc-4b68-8a57-1876c805da52}</UniqueIdentifier>
    </Filter>
    <Filter Include="Source\MyGame\Notifies">
      <UniqueIdentifier>{1e3f826b-ddea-4a34-8dce-b5ece46fec13}</UniqueIdentifier>
    </Filter>
    <Filter Include="Source\MyGame\Component\MotionWarping">
      <UniqueIdentifier>{00006074-5154-4845-a04b-a59d99281038}</UniqueIdentifier>
    </Filter>
    <Filter Include="Source\MyGame\Component\Combat\Skill\NormalSkill\Sanhwa">
      <UniqueIdentifier>{90fd65f6-d615-4254-9920-4f9e728bf781}</UniqueIdentifier>
    </Filter>
    <Filter Include="Source\MyGame\Widget\Sanhwa">
      <UniqueIdentifier>{8a3a97b4-eef6-4b5d-8e18-b3eafa2b3f0e}</UniqueIdentifier>
    </Filter>
    <Filter Include="Source\MyGame\Core">
      <UniqueIdentifier>{8e128241-8d7c-438f-a2da-1130e8dca695}</UniqueIdentifier>
    </Filter>
    <Filter Include="Source\MyGame\Component\Combat\Skill\Ultimate\Sanhwa">
      <UniqueIdentifier>{17c1fb29-120c-4c11-a0c3-6693f52024b0}</UniqueIdentifier>
    </Filter>
    <Filter Include="Source\MyGame\Actor\Sanhwa">
      <UniqueIdentifier>{1256e18c-df2c-4ac6-8c2b-b03bf58f8062}</UniqueIdentifier>
    </Filter>
    <Filter Include="Source\MyGame\Component\Health">
      <UniqueIdentifier>{2a829987-0202-4519-bd60-07eb1b8b0207}</UniqueIdentifier>
    </Filter>
    <Filter Include="Source\MyGame\Widget\Health">
      <UniqueIdentifier>{d81c18ca-741a-4099-96cd-52c30e9f817d}</UniqueIdentifier>
    </Filter>
    <Filter Include="Source\MyGame\Widget\Skill">
      <UniqueIdentifier>{1a6a015a-4a89-4180-834d-cc0619611289}</UniqueIdentifier>
    </Filter>
    <Filter Include="Source\MyGame\Character\Player">
      <UniqueIdentifier>{2b4fd2f4-f7ea-4a94-9a35-a7da5dad26b3}</UniqueIdentifier>
    </Filter>
    <Filter Include="Source\MyGame\Character\Enemy">
      <UniqueIdentifier>{42e70974-1782-492e-b909-bbcee1f76cea}</UniqueIdentifier>
    </Filter>
    <Filter Include="Source\MyGame\Widget\Number">
      <UniqueIdentifier>{78542c5c-adf1-4677-99a9-21f6d5909c73}</UniqueIdentifier>
    </Filter>
    <Filter Include="Source\MyGame\Actor\Damage">
      <UniqueIdentifier>{62a25a49-d1e1-47b2-9af8-1fee9ebdc1c2}</UniqueIdentifier>
    </Filter>
    <Filter Include="Source\MyGame\AnimInstance\Gideon">
      <UniqueIdentifier>{4832a69f-f0b3-48b6-a83e-4a442443dd8e}</UniqueIdentifier>
    </Filter>
    <Filter Include="Source\MyGame\Component\Combat\Range">
      <UniqueIdentifier>{e00e338b-8e09-4611-a65e-71f9ae7098c5}</UniqueIdentifier>
    </Filter>
    <Filter Include="Source\MyGame\Actor\Gideon">
      <UniqueIdentifier>{010cacbe-ff78-4051-b1b9-e72c1ae0f5e9}</UniqueIdentifier>
    </Filter>
    <Filter Include="Source\MyGame\Widget\Gideon">
      <UniqueIdentifier>{68c6071b-f2a4-4149-80fc-114666b39a7f}</UniqueIdentifier>
    </Filter>
    <Filter Include="Source\MyGame\Component\Combat\Skill\NormalSkill\Gideon">
      <UniqueIdentifier>{f6f3d3d9-1743-4ec9-b7de-a33b3301c529}</UniqueIdentifier>
    </Filter>
    <Filter Include="Source\MyGame\Component\Combat\Skill\Ultimate\Gideon">
      <UniqueIdentifier>{a0ca4a39-4bf9-46a1-89ab-bced1e167c05}</UniqueIdentifier>
    </Filter>
    <Filter Include="Source\MyGame\BehaviorTree">
      <UniqueIdentifier>{a82ad269-fb01-450e-85de-1ccf4e3e41ef}</UniqueIdentifier>
    </Filter>
    <Filter Include="Shader">
      <UniqueIdentifier>{c608a04d-5d71-4d68-8a1d-175dcef44b29}</UniqueIdentifier>
    </Filter>
    <Filter Include="Shader\Niagara">
      <UniqueIdentifier>{7ccb398f-8864-4998-a507-167683bfdeb1}</UniqueIdentifier>
    </Filter>
    <Filter Include="Shader\Niagara\Compute">
      <UniqueIdentifier>{be4749e0-386d-4a8e-8793-8d73bf908dd8}</UniqueIdentifier>
    </Filter>
    <Filter Include="Shader\Niagara\Render">
      <UniqueIdentifier>{40820e1b-ea68-4a13-8d58-c0c544345b41}</UniqueIdentifier>
    </Filter>
    <Filter Include="Shader\Niagara\Render\Billboard">
      <UniqueIdentifier>{6040c05f-4beb-44d1-b447-1bc9911d570f}</UniqueIdentifier>
    </Filter>
    <Filter Include="Shader\Niagara\Render\Sprite">
      <UniqueIdentifier>{42e26ab2-6578-4fc7-b884-bfb69609d72e}</UniqueIdentifier>
    </Filter>
    <Filter Include="Shader\Niagara\Render\Mesh">
      <UniqueIdentifier>{8a51f196-fa93-4e85-92d8-fa1bb40e1d8d}</UniqueIdentifier>
    </Filter>
    <Filter Include="Shader\Niagara\Render\Ribbon">
      <UniqueIdentifier>{d3dc4b1c-64f0-4f86-bb3b-e1d76fd0bd85}</UniqueIdentifier>
    </Filter>
    <Filter Include="Shader\PBR">
      <UniqueIdentifier>{1626fc95-ca56-42df-937a-4e56b6d7f83a}</UniqueIdentifier>
    </Filter>
    <Filter Include="Shader\PBR\Character">
      <UniqueIdentifier>{41e5ce83-1694-43c1-92a4-6b013db9ab96}</UniqueIdentifier>
    </Filter>
    <Filter Include="Shader\PostProcess">
      <UniqueIdentifier>{77f4535e-6154-4826-8a84-059af45c7ba8}</UniqueIdentifier>
    </Filter>
    <Filter Include="Source\MyGame\AnimInstance\Animal">
      <UniqueIdentifier>{e4ee2bd0-c648-4d16-83e5-1b2686478048}</UniqueIdentifier>
    </Filter>
    <Filter Include="Source\MyGame\Actor\Decal">
      <UniqueIdentifier>{4cb48653-7dac-4406-b8e6-c5772b8b6948}</UniqueIdentifier>
    </Filter>
    <Filter Include="Source\MyGame\Widget\Town">
      <UniqueIdentifier>{aa35399d-ba4b-4d64-8ebf-921d2193a44a}</UniqueIdentifier>
    </Filter>
    <Filter Include="Source\MyGame\Database">
      <UniqueIdentifier>{18d2a0b0-4fc3-4e61-bed1-afff85e998ed}</UniqueIdentifier>
    </Filter>
    <Filter Include="Source\MyGame\Widget\Login">
      <UniqueIdentifier>{40a659a6-9e2c-45c8-973a-946eeec533ae}</UniqueIdentifier>
    </Filter>
  </ItemGroup>
  <ItemGroup>
    <ClCompile Include="Source\main.cpp">
      <Filter>Source</Filter>
    </ClCompile>
    <ClCompile Include="Source\MyGame\Actor\ATestActor2.cpp">
      <Filter>Source\MyGame\Actor</Filter>
    </ClCompile>
    <ClCompile Include="Source\MyGame\Actor\ATestCube.cpp">
      <Filter>Source\MyGame\Actor</Filter>
    </ClCompile>
    <ClCompile Include="Source\MyGame\Actor\ATestCube2.cpp">
      <Filter>Source\MyGame\Actor</Filter>
    </ClCompile>
    <ClCompile Include="Source\MyGame\Component\PBRTestComponent.cpp">
      <Filter>Source\MyGame\Component</Filter>
    </ClCompile>
    <ClCompile Include="Source\MyGame\Actor\ADungeon.cpp">
      <Filter>Source\MyGame\Actor</Filter>
    </ClCompile>
    <ClCompile Include="Source\MyGame\AnimInstance\UMyGameAniminstanceBase.cpp">
      <Filter>Source\MyGame\AnimInstance</Filter>
    </ClCompile>
    <ClCompile Include="Source\MyGame\Component\Combat\UCombatBaseComponent.cpp">
      <Filter>Source\MyGame\Component\Combat</Filter>
    </ClCompile>
    <ClCompile Include="Source\MyGame\Component\Combat\Melee\UMeleeBaseComponent.cpp">
      <Filter>Source\MyGame\Component\Combat\Melee</Filter>
    </ClCompile>
    <ClCompile Include="Source\MyGame\Component\Combat\Melee\USanhwaCombatComponent.cpp">
      <Filter>Source\MyGame\Component\Combat\Melee</Filter>
    </ClCompile>
    <ClCompile Include="Source\MyGame\Interface\Dodge\IDodgeInterface.cpp">
      <Filter>Source\MyGame\Interface\Dodge</Filter>
    </ClCompile>
    <ClCompile Include="Source\MyGame\AnimInstance\Sanhwa\USanhwaAnimInstance.cpp">
      <Filter>Source\MyGame\AnimInstance\Sanhwa</Filter>
    </ClCompile>
    <ClCompile Include="Source\MyGame\Component\Combat\Skill\NormalSkill\USkillBaseComponent.cpp">
      <Filter>Source\MyGame\Component\Combat\Skill\NormalSkill</Filter>
    </ClCompile>
    <ClCompile Include="Source\MyGame\Component\Combat\Skill\Ultimate\UUltimateBaseComponent.cpp">
      <Filter>Source\MyGame\Component\Combat\Skill\Ultimate</Filter>
    </ClCompile>
    <ClCompile Include="Source\MyGame\Notify\MyGameNotify.cpp">
      <Filter>Source\MyGame\Notifies</Filter>
    </ClCompile>
    <ClCompile Include="Source\MyGame\Component\MotionWarping\UMotionWarpingComponent.cpp">
      <Filter>Source\MyGame\Component\MotionWarping</Filter>
    </ClCompile>
    <ClCompile Include="Source\MyGame\Component\Combat\Skill\NormalSkill\SanHwa\USanhwaSkillComponent.cpp">
      <Filter>Source\MyGame\Component\Combat\Skill\NormalSkill\Sanhwa</Filter>
    </ClCompile>
    <ClCompile Include="Source\MyGame\Widget\UMyGameWidgetBase.cpp">
      <Filter>Source\MyGame\Widget</Filter>
    </ClCompile>
    <ClCompile Include="Source\MyGame\Widget\Sanhwa\USanhwaWidget.cpp">
      <Filter>Source\MyGame\Widget\Sanhwa</Filter>
    </ClCompile>
    <ClCompile Include="Source\MyGame\Core\AMyGamePlayerController.cpp">
      <Filter>Source\MyGame\Core</Filter>
    </ClCompile>
    <ClCompile Include="Source\MyGame\Component\Combat\Skill\Ultimate\Sanhwa\USanhwaUltimateComponent.cpp">
      <Filter>Source\MyGame\Component\Combat\Skill\Ultimate\Sanhwa</Filter>
    </ClCompile>
    <ClCompile Include="Source\MyGame\Actor\Sanhwa\ASanhwaIceBase.cpp">
      <Filter>Source\MyGame\Actor\Sanhwa</Filter>
    </ClCompile>
    <ClCompile Include="Source\MyGame\Actor\Sanhwa\ASanhwaIceSpikeUltimate.cpp">
      <Filter>Source\MyGame\Actor\Sanhwa</Filter>
    </ClCompile>
    <ClCompile Include="Source\MyGame\Component\Health\UHealthComponent.cpp">
      <Filter>Source\MyGame\Component\Health</Filter>
    </ClCompile>
    <ClCompile Include="Source\MyGame\Widget\Health\UHealthWidgetBase.cpp">
      <Filter>Source\MyGame\Widget\Health</Filter>
    </ClCompile>
    <ClCompile Include="Source\MyGame\Widget\Skill\USkillWidgetBase.cpp">
      <Filter>Source\MyGame\Widget\Skill</Filter>
    </ClCompile>
    <ClCompile Include="Source\MyGame\Widget\Skill\UUltimateWidget.cpp">
      <Filter>Source\MyGame\Widget\Skill</Filter>
    </ClCompile>
    <ClCompile Include="Source\MyGame\Widget\Health\UPlayerHealthWidget.cpp">
      <Filter>Source\MyGame\Widget\Health</Filter>
    </ClCompile>
    <ClCompile Include="Source\MyGame\Character\Player\ASanhwaCharacter.cpp">
      <Filter>Source\MyGame\Character\Player</Filter>
    </ClCompile>
    <ClCompile Include="Source\MyGame\Character\Player\AMyGameCharacterBase.cpp">
      <Filter>Source\MyGame\Character\Player</Filter>
    </ClCompile>
    <ClCompile Include="Source\MyGame\Character\Enemy\AEnemyBase.cpp">
      <Filter>Source\MyGame\Character\Enemy</Filter>
    </ClCompile>
    <ClCompile Include="Source\MyGame\Component\Health\UPlayerHealthComponent.cpp">
      <Filter>Source\MyGame\Component\Health</Filter>
    </ClCompile>
    <ClCompile Include="Source\MyGame\Widget\Number\UNumberWidget.cpp">
      <Filter>Source\MyGame\Widget\Number</Filter>
    </ClCompile>
    <ClCompile Include="Source\MyGame\Actor\Damage\AFloatingDamageActor.cpp">
      <Filter>Source\MyGame\Actor\Damage</Filter>
    </ClCompile>
    <ClCompile Include="Source\MyGame\Widget\Health\UEnemyHealthWidget.cpp">
      <Filter>Source\MyGame\Widget\Health</Filter>
    </ClCompile>
    <ClCompile Include="Source\MyGame\Character\Player\AGideonCharacter.cpp">
      <Filter>Source\MyGame\Character\Player</Filter>
    </ClCompile>
    <ClCompile Include="Source\MyGame\AnimInstance\Gideon\UGideonAnimInstance.cpp">
      <Filter>Source\MyGame\AnimInstance\Gideon</Filter>
    </ClCompile>
    <ClCompile Include="Source\MyGame\Component\Combat\Range\URangeBaseComponent.cpp">
      <Filter>Source\MyGame\Component\Combat\Range</Filter>
    </ClCompile>
    <ClCompile Include="Source\MyGame\Component\Combat\Range\UGideonCombatComponent.cpp">
      <Filter>Source\MyGame\Component\Combat\Range</Filter>
    </ClCompile>
    <ClCompile Include="Source\MyGame\Actor\Gideon\AGideonFireBall.cpp">
      <Filter>Source\MyGame\Actor\Gideon</Filter>
    </ClCompile>
    <ClCompile Include="Source\MyGame\Widget\Gideon\UGideonWidget.cpp">
      <Filter>Source\MyGame\Widget\Gideon</Filter>
    </ClCompile>
    <ClCompile Include="Source\MyGame\Widget\Gideon\UGideonGaugeWidget.cpp">
      <Filter>Source\MyGame\Widget\Gideon</Filter>
    </ClCompile>
    <ClCompile Include="Source\MyGame\Actor\Gideon\AGideonLightning.cpp">
      <Filter>Source\MyGame\Actor\Gideon</Filter>
    </ClCompile>
    <ClCompile Include="Source\MyGame\Component\Combat\Skill\NormalSkill\Gideon\UGideonSkillComponent.cpp">
      <Filter>Source\MyGame\Component\Combat\Skill\NormalSkill\Gideon</Filter>
    </ClCompile>
    <ClCompile Include="Source\MyGame\Actor\Gideon\AGideonIceStorm.cpp">
      <Filter>Source\MyGame\Actor\Gideon</Filter>
    </ClCompile>
    <ClCompile Include="Source\MyGame\Actor\Gideon\AGideonMeteor.cpp">
      <Filter>Source\MyGame\Actor\Gideon</Filter>
    </ClCompile>
    <ClCompile Include="Source\MyGame\Component\Combat\Skill\Ultimate\Gideon\UGideonUltimateComponent.cpp">
      <Filter>Source\MyGame\Component\Combat\Skill\Ultimate\Gideon</Filter>
    </ClCompile>
    <ClCompile Include="Source\MyGame\Actor\Gideon\AGideonMeteorBomb.cpp">
      <Filter>Source\MyGame\Actor\Gideon</Filter>
    </ClCompile>
    <ClCompile Include="Source\MyGame\BehaviorTree\TestBT.cpp">
      <Filter>Source\MyGame\BehaviorTree</Filter>
    </ClCompile>
    <ClCompile Include="Source\MyGame\AnimInstance\Animal\UEnemyAnimInstance.cpp">
      <Filter>Source\MyGame\AnimInstance\Animal</Filter>
    </ClCompile>
    <ClCompile Include="Source\MyGame\Core\ATestGameMode.cpp">
      <Filter>Source\MyGame\Core</Filter>
    </ClCompile>
    <ClCompile Include="Source\MyGame\Actor\Decal\ARangeDecalActor.cpp">
      <Filter>Source\MyGame\Actor\Decal</Filter>
    </ClCompile>
    <ClCompile Include="Source\MyGame\Core\ATownGameMode.cpp">
      <Filter>Source\MyGame\Core</Filter>
    </ClCompile>
    <ClCompile Include="Source\MyGame\Widget\Town\UEnchantWidget.cpp">
      <Filter>Source\MyGame\Widget\Town</Filter>
    </ClCompile>
    <ClCompile Include="Source\MyGame\Actor\AEnemySpawner.cpp">
      <Filter>Source\MyGame\Actor</Filter>
    </ClCompile>
    <ClCompile Include="Source\MyGame\Actor\ACoin.cpp">
      <Filter>Source\MyGame\Actor</Filter>
    </ClCompile>
    <ClCompile Include="Source\MyGame\Core\UMyGameInstance.cpp">
      <Filter>Source\MyGame\Core</Filter>
    </ClCompile>
    <ClCompile Include="Source\MyGame\DataBase\SQLiteWrapper.cpp">
      <Filter>Source\MyGame\Database</Filter>
    </ClCompile>
    <ClCompile Include="Source\MyGame\DataBase\StageTable.cpp">
      <Filter>Source\MyGame\Database</Filter>
    </ClCompile>
    <ClCompile Include="Source\MyGame\DataBase\UserTable.cpp">
      <Filter>Source\MyGame\Database</Filter>
    </ClCompile>
    <ClCompile Include="Source\MyGame\DataBase\DataBaseManager.cpp">
      <Filter>Source\MyGame\Database</Filter>
    </ClCompile>
    <ClCompile Include="Source\MyGame\DataBase\EquipmentTable.cpp">
      <Filter>Source\MyGame\Database</Filter>
    </ClCompile>
    <ClCompile Include="Source\MyGame\DataBase\GoldTable.cpp">
      <Filter>Source\MyGame\Database</Filter>
    </ClCompile>
    <ClCompile Include="Source\MyGame\DataBase\shell.c">
      <Filter>Source\MyGame\Database</Filter>
    </ClCompile>
    <ClCompile Include="Source\MyGame\DataBase\sqlite3.c">
      <Filter>Source\MyGame\Database</Filter>
    </ClCompile>
    <ClCompile Include="Source\MyGame\Widget\Login\ULoginWidget.cpp">
      <Filter>Source\MyGame\Widget\Login</Filter>
    </ClCompile>
  </ItemGroup>
  <ItemGroup>
    <ClInclude Include="Source\MyGame\Actor\ATestActor2.h">
      <Filter>Source\MyGame\Actor</Filter>
    </ClInclude>
    <ClInclude Include="Source\MyGame\Actor\ATestCube.h">
      <Filter>Source\MyGame\Actor</Filter>
    </ClInclude>
    <ClInclude Include="Source\MyGame\Actor\ATestCube2.h">
      <Filter>Source\MyGame\Actor</Filter>
    </ClInclude>
    <ClInclude Include="Source\MyGame\Component\PBRTestComponent.h">
      <Filter>Source\MyGame\Component</Filter>
    </ClInclude>
    <ClInclude Include="Source\MyGame\Actor\ADungeon.h">
      <Filter>Source\MyGame\Actor</Filter>
    </ClInclude>
    <ClInclude Include="Source\MyGame\AnimInstance\UMyGameAniminstanceBase.h">
      <Filter>Source\MyGame\AnimInstance</Filter>
    </ClInclude>
    <ClInclude Include="Source\MyGame\Component\Combat\UCombatBaseComponent.h">
      <Filter>Source\MyGame\Component\Combat</Filter>
    </ClInclude>
    <ClInclude Include="Source\MyGame\Component\Combat\Melee\UMeleeBaseComponent.h">
      <Filter>Source\MyGame\Component\Combat\Melee</Filter>
    </ClInclude>
    <ClInclude Include="Source\MyGame\Component\Combat\Melee\USanhwaCombatComponent.h">
      <Filter>Source\MyGame\Component\Combat\Melee</Filter>
    </ClInclude>
    <ClInclude Include="Source\MyGame\Interface\Dodge\IDodgeInterface.h">
      <Filter>Source\MyGame\Interface\Dodge</Filter>
    </ClInclude>
    <ClInclude Include="Source\MyGame\AnimInstance\Sanhwa\USanhwaAnimInstance.h">
      <Filter>Source\MyGame\AnimInstance\Sanhwa</Filter>
    </ClInclude>
    <ClInclude Include="Source\MyGame\Component\Combat\Skill\NormalSkill\USkillBaseComponent.h">
      <Filter>Source\MyGame\Component\Combat\Skill\NormalSkill</Filter>
    </ClInclude>
    <ClInclude Include="Source\MyGame\Component\Combat\Skill\Ultimate\UUltimateBaseComponent.h">
      <Filter>Source\MyGame\Component\Combat\Skill\Ultimate</Filter>
    </ClInclude>
    <ClInclude Include="Source\MyGame\Notify\MyGameNotify.h">
      <Filter>Source\MyGame\Notifies</Filter>
    </ClInclude>
    <ClInclude Include="Source\MyGame\Component\MotionWarping\UMotionWarpingComponent.h">
      <Filter>Source\MyGame\Component\MotionWarping</Filter>
    </ClInclude>
    <ClInclude Include="Source\MyGame\Component\Combat\Skill\NormalSkill\SanHwa\USanhwaSkillComponent.h">
      <Filter>Source\MyGame\Component\Combat\Skill\NormalSkill\Sanhwa</Filter>
    </ClInclude>
    <ClInclude Include="Source\MyGame\Widget\UMyGameWidgetBase.h">
      <Filter>Source\MyGame\Widget</Filter>
    </ClInclude>
    <ClInclude Include="Source\MyGame\Widget\Sanhwa\USanhwaWidget.h">
      <Filter>Source\MyGame\Widget\Sanhwa</Filter>
    </ClInclude>
    <ClInclude Include="Source\MyGame\Core\AMyGamePlayerController.h">
      <Filter>Source\MyGame\Core</Filter>
    </ClInclude>
    <ClInclude Include="Source\MyGame\Component\Combat\Skill\Ultimate\Sanhwa\USanhwaUltimateComponent.h">
      <Filter>Source\MyGame\Component\Combat\Skill\Ultimate\Sanhwa</Filter>
    </ClInclude>
    <ClInclude Include="Source\MyGame\Actor\Sanhwa\ASanhwaIceBase.h">
      <Filter>Source\MyGame\Actor\Sanhwa</Filter>
    </ClInclude>
    <ClInclude Include="Source\MyGame\Actor\Sanhwa\ASanhwaIceSpikeUltimate.h">
      <Filter>Source\MyGame\Actor\Sanhwa</Filter>
    </ClInclude>
    <ClInclude Include="Source\MyGame\Component\Health\UHealthComponent.h">
      <Filter>Source\MyGame\Component\Health</Filter>
    </ClInclude>
    <ClInclude Include="Source\MyGame\Widget\Health\UHealthWidgetBase.h">
      <Filter>Source\MyGame\Widget\Health</Filter>
    </ClInclude>
    <ClInclude Include="Source\MyGame\Widget\Skill\USkillWidgetBase.h">
      <Filter>Source\MyGame\Widget\Skill</Filter>
    </ClInclude>
    <ClInclude Include="Source\MyGame\Widget\Skill\UUltimateWidget.h">
      <Filter>Source\MyGame\Widget\Skill</Filter>
    </ClInclude>
    <ClInclude Include="Source\MyGame\Widget\Health\UPlayerHealthWidget.h">
      <Filter>Source\MyGame\Widget\Health</Filter>
    </ClInclude>
    <ClInclude Include="Source\MyGame\Character\Player\ASanhwaCharacter.h">
      <Filter>Source\MyGame\Character\Player</Filter>
    </ClInclude>
    <ClInclude Include="Source\MyGame\Character\Player\AMyGameCharacterBase.h">
      <Filter>Source\MyGame\Character\Player</Filter>
    </ClInclude>
    <ClInclude Include="Source\MyGame\Character\Enemy\AEnemyBase.h">
      <Filter>Source\MyGame\Character\Enemy</Filter>
    </ClInclude>
    <ClInclude Include="Source\MyGame\Component\Health\UPlayerHealthComponent.h">
      <Filter>Source\MyGame\Component\Health</Filter>
    </ClInclude>
    <ClInclude Include="Source\MyGame\Widget\Number\UNumberWidget.h">
      <Filter>Source\MyGame\Widget\Number</Filter>
    </ClInclude>
    <ClInclude Include="Source\MyGame\Actor\Damage\AFloatingDamageActor.h">
      <Filter>Source\MyGame\Actor\Damage</Filter>
    </ClInclude>
    <ClInclude Include="Source\MyGame\Widget\Health\UEnemyHealthWidget.h">
      <Filter>Source\MyGame\Widget\Health</Filter>
    </ClInclude>
    <ClInclude Include="Source\MyGame\Character\Player\AGideonCharacter.h">
      <Filter>Source\MyGame\Character\Player</Filter>
    </ClInclude>
    <ClInclude Include="Source\MyGame\AnimInstance\Gideon\UGideonAnimInstance.h">
      <Filter>Source\MyGame\AnimInstance\Gideon</Filter>
    </ClInclude>
    <ClInclude Include="Source\MyGame\Component\Combat\Range\URangeBaseComponent.h">
      <Filter>Source\MyGame\Component\Combat\Range</Filter>
    </ClInclude>
    <ClInclude Include="Source\MyGame\Component\Combat\Range\UGideonCombatComponent.h">
      <Filter>Source\MyGame\Component\Combat\Range</Filter>
    </ClInclude>
    <ClInclude Include="Source\MyGame\Actor\Gideon\AGideonFireBall.h">
      <Filter>Source\MyGame\Actor\Gideon</Filter>
    </ClInclude>
    <ClInclude Include="Source\MyGame\Widget\Gideon\UGideonWidget.h">
      <Filter>Source\MyGame\Widget\Gideon</Filter>
    </ClInclude>
    <ClInclude Include="Source\MyGame\Widget\Gideon\UGideonGaugeWidget.h">
      <Filter>Source\MyGame\Widget\Gideon</Filter>
    </ClInclude>
    <ClInclude Include="Source\MyGame\Actor\Gideon\AGideonLightning.h">
      <Filter>Source\MyGame\Actor\Gideon</Filter>
    </ClInclude>
    <ClInclude Include="Source\MyGame\Component\Combat\Skill\NormalSkill\Gideon\UGideonSkillComponent.h">
      <Filter>Source\MyGame\Component\Combat\Skill\NormalSkill\Gideon</Filter>
    </ClInclude>
    <ClInclude Include="Source\MyGame\Actor\Gideon\AGideonIceStorm.h">
      <Filter>Source\MyGame\Actor\Gideon</Filter>
    </ClInclude>
    <ClInclude Include="Source\MyGame\Actor\Gideon\AGideonMeteor.h">
      <Filter>Source\MyGame\Actor\Gideon</Filter>
    </ClInclude>
    <ClInclude Include="Source\MyGame\Component\Combat\Skill\Ultimate\Gideon\UGideonUltimateComponent.h">
      <Filter>Source\MyGame\Component\Combat\Skill\Ultimate\Gideon</Filter>
    </ClInclude>
    <ClInclude Include="Source\MyGame\Actor\Gideon\AGideonMeteorBomb.h">
      <Filter>Source\MyGame\Actor\Gideon</Filter>
    </ClInclude>
    <ClInclude Include="Source\MyGame\BehaviorTree\TestBT.h">
      <Filter>Source\MyGame\BehaviorTree</Filter>
    </ClInclude>
    <ClInclude Include="Source\MyGame\AnimInstance\Animal\UEnemyAnimInstance.h">
      <Filter>Source\MyGame\AnimInstance\Animal</Filter>
    </ClInclude>
    <ClInclude Include="Source\MyGame\Core\ATestGameMode.h">
      <Filter>Source\MyGame\Core</Filter>
    </ClInclude>
    <ClInclude Include="Source\MyGame\Actor\Decal\ARangeDecalActor.h">
      <Filter>Source\MyGame\Actor\Decal</Filter>
    </ClInclude>
    <ClInclude Include="Source\MyGame\Core\ATownGameMode.h">
      <Filter>Source\MyGame\Core</Filter>
    </ClInclude>
    <ClInclude Include="Source\MyGame\Widget\Town\UEnchantWidget.h">
      <Filter>Source\MyGame\Widget\Town</Filter>
    </ClInclude>
    <ClInclude Include="Source\MyGame\Actor\AEnemySpawner.h">
      <Filter>Source\MyGame\Actor</Filter>
    </ClInclude>
    <ClInclude Include="Source\MyGame\Actor\ACoin.h">
      <Filter>Source\MyGame\Actor</Filter>
    </ClInclude>
    <ClInclude Include="Source\MyGame\Core\UMyGameInstance.h">
      <Filter>Source\MyGame\Core</Filter>
    </ClInclude>
    <ClInclude Include="Source\MyGame\DataBase\SQLiteWrapper.h">
      <Filter>Source\MyGame\Database</Filter>
    </ClInclude>
    <ClInclude Include="Source\MyGame\DataBase\StageTable.h">
      <Filter>Source\MyGame\Database</Filter>
    </ClInclude>
    <ClInclude Include="Source\MyGame\DataBase\UserTable.h">
      <Filter>Source\MyGame\Database</Filter>
    </ClInclude>
    <ClInclude Include="Source\MyGame\DataBase\DataBaseManager.h">
      <Filter>Source\MyGame\Database</Filter>
    </ClInclude>
    <ClInclude Include="Source\MyGame\DataBase\EquipmentTable.h">
      <Filter>Source\MyGame\Database</Filter>
    </ClInclude>
    <ClInclude Include="Source\MyGame\DataBase\GoldTable.h">
      <Filter>Source\MyGame\Database</Filter>
    </ClInclude>
    <ClInclude Include="Source\MyGame\DataBase\sqlite3.h">
      <Filter>Source\MyGame\Database</Filter>
    </ClInclude>
    <ClInclude Include="Source\MyGame\DataBase\sqlite3ext.h">
      <Filter>Source\MyGame\Database</Filter>
    </ClInclude>
    <ClInclude Include="Source\MyGame\Widget\Login\ULoginWidget.h">
      <Filter>Source\MyGame\Widget\Login</Filter>
    </ClInclude>
  </ItemGroup>
  <ItemGroup>
    <None Include="Shader\SkeletalMesh.hlsl">
      <Filter>Shader</Filter>
    </None>
    <None Include="Shader\Global.fx">
      <Filter>Shader</Filter>
    </None>
    <None Include="Shader\BillboardSpriteRenderer.fx">
      <Filter>Shader\Niagara\Render\Billboard</Filter>
    </None>
    <None Include="Shader\TickParticleCS.fx">
      <Filter>Shader\Niagara\Compute</Filter>
    </None>
    <None Include="Shader\ParticleHelper.fx">
      <Filter>Shader\Niagara</Filter>
    </None>
    <None Include="Shader\SpriteRenderer.fx">
      <Filter>Shader\Niagara\Render\Sprite</Filter>
    </None>
    <None Include="Shader\MeshRenderer.fx">
      <Filter>Shader\Niagara\Render\Mesh</Filter>
    </None>
    <None Include="Shader\RibbonRenderer.fx">
      <Filter>Shader\Niagara\Render\Ribbon</Filter>
    </None>
    <None Include="Shader\DebugDraw.hlsl">
      <Filter>Shader</Filter>
    </None>
    <None Include="Shader\LightColor.hlsl">
      <Filter>Shader</Filter>
    </None>
    <None Include="Shader\Deferred.fx">
      <Filter>Shader</Filter>
    </None>
    <None Include="Shader\merge.fx">
      <Filter>Shader</Filter>
    </None>
    <None Include="Shader\DeferredLight.fx">
      <Filter>Shader</Filter>
    </None>
    <None Include="Shader\volume.fx">
      <Filter>Shader</Filter>
    </None>
    <None Include="Shader\Decal.fx">
      <Filter>Shader</Filter>
    </None>
    <None Include="Shader\ShadowMap.fx">
      <Filter>Shader</Filter>
    </None>
    <None Include="Shader\SkyBox.fx">
      <Filter>Shader</Filter>
    </None>
    <None Include="Shader\Widget.fx">
      <Filter>Shader</Filter>
    </None>
    <None Include="Shader\PBR.fx">
      <Filter>Shader\PBR</Filter>
    </None>
    <None Include="Shader\PBRHelpers.fx">
      <Filter>Shader\PBR</Filter>
    </None>
    <None Include="Shader\PBRLightHelper.fx">
      <Filter>Shader\PBR</Filter>
    </None>
    <None Include="Shader\PS_PBR.fx">
      <Filter>Shader\PBR</Filter>
    </None>
    <None Include="Shader\PostProcess.fx">
      <Filter>Shader\PostProcess</Filter>
    </None>
    <None Include="Shader\Bloom.fx">
      <Filter>Shader\PostProcess</Filter>
    </None>
    <None Include="Shader\Monochrome.fx">
      <Filter>Shader\PostProcess</Filter>
    </None>
    <None Include="Shader\SpriteVFX.fx">
      <Filter>Shader\Niagara\Render\Sprite</Filter>
    </None>
    <None Include="Shader\MaterialNode.fx">
      <Filter>Shader</Filter>
    </None>
    <None Include="Shader\RibbonVFX.fx">
      <Filter>Shader\Niagara\Render\Ribbon</Filter>
    </None>
    <None Include="Shader\MeshVFX.fx">
      <Filter>Shader\Niagara\Render\Mesh</Filter>
    </None>
    <None Include="Shader\Gideon.fx">
      <Filter>Shader\PBR\Character</Filter>
    </None>
    <None Include="Shader\PS_Dungeon.fx">
      <Filter>Shader\PBR</Filter>
    </None>
  </ItemGroup>
</Project>