<?xml version="1.0" encoding="utf-8"?>
<Project ToolsVersion="4.0" xmlns="http://schemas.microsoft.com/developer/msbuild/2003">
  <ItemGroup>
    <Filter Include="Source">
      <UniqueIdentifier>{4FC737F1-C7A5-4376-A066-2A32D752A2FF}</UniqueIdentifier>
      <Extensions>cpp;c;cc;cxx;c++;cppm;ixx;def;odl;idl;hpj;bat;asm;asmx</Extensions>
    </Filter>
    <Filter Include="Source\MyGame">
      <UniqueIdentifier>{9ced589e-f28d-4b16-9e9e-d3a09ecdfb0d}</UniqueIdentifier>
    </Filter>
    <Filter Include="Source\MyGame\Actor">
      <UniqueIdentifier>{4970eb9a-d277-45d7-a220-380f42267a2d}</UniqueIdentifier>
    </Filter>
    <Filter Include="Source\MyGame\AnimInstance">
      <UniqueIdentifier>{af8862c9-b46f-448e-9e8d-4bec809f8046}</UniqueIdentifier>
    </Filter>
    <Filter Include="Source\MyGame\Component">
      <UniqueIdentifier>{3e8daa15-35b2-46a9-9f85-96ae9e4a110c}</UniqueIdentifier>
    </Filter>
    <Filter Include="Shader">
      <UniqueIdentifier>{c608a04d-5d71-4d68-8a1d-175dcef44b29}</UniqueIdentifier>
    </Filter>
  </ItemGroup>
  <ItemGroup>
    <ClCompile Include="Source\main.cpp">
      <Filter>Source</Filter>
    </ClCompile>
    <ClCompile Include="Source\MyGame\Actor\ATestActor2.cpp">
      <Filter>Source\MyGame\Actor</Filter>
    </ClCompile>
    <ClCompile Include="Source\MyGame\Actor\ATestCube.cpp">
      <Filter>Source\MyGame\Actor</Filter>
    </ClCompile>
    <ClCompile Include="Source\MyGame\AnimInstance\UMyAnimInstance.cpp">
      <Filter>Source\MyGame\AnimInstance</Filter>
    </ClCompile>
    <ClCompile Include="Source\MyGame\Component\UTestComponent.cpp">
      <Filter>Source\MyGame\Component</Filter>
    </ClCompile>
  </ItemGroup>
  <ItemGroup>
    <ClInclude Include="Source\MyGame\Actor\ATestActor2.h">
      <Filter>Source\MyGame\Actor</Filter>
    </ClInclude>
    <ClInclude Include="Source\MyGame\Actor\ATestCube.h">
      <Filter>Source\MyGame\Actor</Filter>
    </ClInclude>
    <ClInclude Include="Source\MyGame\AnimInstance\UMyAnimInstance.h">
      <Filter>Source\MyGame\AnimInstance</Filter>
    </ClInclude>
    <ClInclude Include="Source\MyGame\Component\UTestComponent.h">
      <Filter>Source\MyGame\Component</Filter>
    </ClInclude>
  </ItemGroup>
  <ItemGroup>
    <None Include="Shader\BillboardSpriteRenderer.fx">
      <Filter>Shader</Filter>
    </None>
    <None Include="Shader\LightColor.hlsl">
      <Filter>Shader</Filter>
    </None>
    <None Include="Shader\SkeletalMesh.hlsl">
      <Filter>Shader</Filter>
    </None>
    <None Include="Shader\Global.fx">
      <Filter>Shader</Filter>
    </None>
  </ItemGroup>
</Project>